// !$*UTF8*$!
{
	archiveVersion = 1;
	classes = {
	};
	objectVersion = 77;
	objects = {

/* Begin PBXContainerItemProxy section */
		B16A6F9D2F224EDF0013DB4A /* PBXContainerItemProxy */ = {
			isa = PBXContainerItemProxy;
			containerPortal = B16A6F872F224EDD0013DB4A /* Project object */;
			proxyType = 1;
			remoteGlobalIDString = B16A6F8E2F224EDD0013DB4A;
			remoteInfo = nikeAppClone;
		};
		B16A6FA72F224EDF0013DB4A /* PBXContainerItemProxy */ = {
			isa = PBXContainerItemProxy;
			containerPortal = B16A6F872F224EDD0013DB4A /* Project object */;
			proxyType = 1;
			remoteGlobalIDString = B16A6F8E2F224EDD0013DB4A;
			remoteInfo = nikeAppClone;
		};
/* End PBXContainerItemProxy section */

/* Begin PBXFileReference section */
		B16A6F8F2F224EDD0013DB4A /* nikeAppClone.app */ = {isa = PBXFileReference; explicitFileType = wrapper.application; includeInIndex = 0; path = nikeAppClone.app; sourceTree = BUILT_PRODUCTS_DIR; };
		B16A6F9C2F224EDF0013DB4A /* nikeAppCloneTests.xctest */ = {isa = PBXFileReference; explicitFileType = wrapper.cfbundle; includeInIndex = 0; path = nikeAppCloneTests.xctest; sourceTree = BUILT_PRODUCTS_DIR; };
		B16A6FA62F224EDF0013DB4A /* nikeAppCloneUITests.xctest */ = {isa = PBXFileReference; explicitFileType = wrapper.cfbundle; includeInIndex = 0; path = nikeAppCloneUITests.xctest; sourceTree = BUILT_PRODUCTS_DIR; };
/* End PBXFileReference section */

/* Begin PBXFileSystemSynchronizedRootGroup section */
		B16A6F912F224EDD0013DB4A /* nikeAppClone */ = {
			isa = PBXFileSystemSynchronizedRootGroup;
			path = nikeAppClone;
			sourceTree = "<group>";
		};
		B16A6F9F2F224EDF0013DB4A /* nikeAppCloneTests */ = {
			isa = PBXFileSystemSynchronizedRootGroup;
			path = nikeAppCloneTests;
			sourceTree = "<group>";
		};
		B16A6FA92F224EDF0013DB4A /* nikeAppCloneUITests */ = {
			isa = PBXFileSystemSynchronizedRootGroup;
			path = nikeAppCloneUITests;
			sourceTree = "<group>";
		};
/* End PBXFileSystemSynchronizedRootGroup section */

/* Begin PBXFrameworksBuildPhase section */
		B16A6F8C2F224EDD0013DB4A /* Frameworks */ = {
			isa = PBXFrameworksBuildPhase;
			buildActionMask = 2147483647;
			files = (
			);
			runOnlyForDeploymentPostprocessing = 0;
		};
		B16A6F992F224EDF0013DB4A /* Frameworks */ = {
			isa = PBXFrameworksBuildPhase;
			buildActionMask = 2147483647;
			files = (
			);
			runOnlyForDeploymentPostprocessing = 0;
		};
		B16A6FA32F224EDF0013DB4A /* Frameworks */ = {
			isa = PBXFrameworksBuildPhase;
			buildActionMask = 2147483647;
			files = (
			);
			runOnlyForDeploymentPostprocessing = 0;
		};
/* End PBXFrameworksBuildPhase section */

/* Begin PBXGroup section */
		B16A6F862F224EDD0013DB4A = {
			isa = PBXGroup;
			children = (
				B16A6F912F224EDD0013DB4A /* nikeAppClone */,
				B16A6F9F2F224EDF0013DB4A /* nikeAppCloneTests */,
				B16A6FA92F224EDF0013DB4A /* nikeAppCloneUITests */,
				B16A6F902F224EDD0013DB4A /* Products */,
			);
			sourceTree = "<group>";
		};
		B16A6F902F224EDD0013DB4A /* Products */ = {
			isa = PBXGroup;
			children = (
				B16A6F8F2F224EDD0013DB4A /* nikeAppClone.app */,
				B16A6F9C2F224EDF0013DB4A /* nikeAppCloneTests.xctest */,
				B16A6FA62F224EDF0013DB4A /* nikeAppCloneUITests.xctest */,
			);
			name = Products;
			sourceTree = "<group>";
		};
/* End PBXGroup section */

/* Begin PBXNativeTarget section */
		B16A6F8E2F224EDD0013DB4A /* nikeAppClone */ = {
			isa = PBXNativeTarget;
			buildConfigurationList = B16A6FB02F224EDF0013DB4A /* Build configuration list for PBXNativeTarget "nikeAppClone" */;
			buildPhases = (
				B16A6F8B2F224EDD0013DB4A /* Sources */,
				B16A6F8C2F224EDD0013DB4A /* Frameworks */,
				B16A6F8D2F224EDD0013DB4A /* Resources */,
			);
			buildRules = (
			);
			dependencies = (
			);
			fileSystemSynchronizedGroups = (
				B16A6F912F224EDD0013DB4A /* nikeAppClone */,
			);
			name = nikeAppClone;
			packageProductDependencies = (
			);
			productName = nikeAppClone;
			productReference = B16A6F8F2F224EDD0013DB4A /* nikeAppClone.app */;
			productType = "com.apple.product-type.application";
		};
		B16A6F9B2F224EDF0013DB4A /* nikeAppCloneTests */ = {
			isa = PBXNativeTarget;
			buildConfigurationList = B16A6FB32F224EDF0013DB4A /* Build configuration list for PBXNativeTarget "nikeAppCloneTests" */;
			buildPhases = (
				B16A6F982F224EDF0013DB4A /* Sources */,
				B16A6F992F224EDF0013DB4A /* Frameworks */,
				B16A6F9A2F224EDF0013DB4A /* Resources */,
			);
			buildRules = (
			);
			dependencies = (
				B16A6F9E2F224EDF0013DB4A /* PBXTargetDependency */,
			);
			fileSystemSynchronizedGroups = (
				B16A6F9F2F224EDF0013DB4A /* nikeAppCloneTests */,
			);
			name = nikeAppCloneTests;
			packageProductDependencies = (
			);
			productName = nikeAppCloneTests;
			productReference = B16A6F9C2F224EDF0013DB4A /* nikeAppCloneTests.xctest */;
			productType = "com.apple.product-type.bundle.unit-test";
		};
		B16A6FA52F224EDF0013DB4A /* nikeAppCloneUITests */ = {
			isa = PBXNativeTarget;
			buildConfigurationList = B16A6FB62F224EDF0013DB4A /* Build configuration list for PBXNativeTarget "nikeAppCloneUITests" */;
			buildPhases = (
				B16A6FA22F224EDF0013DB4A /* Sources */,
				B16A6FA32F224EDF0013DB4A /* Frameworks */,
				B16A6FA42F224EDF0013DB4A /* Resources */,
			);
			buildRules = (
			);
			dependencies = (
				B16A6FA82F224EDF0013DB4A /* PBXTargetDependency */,
			);
			fileSystemSynchronizedGroups = (
				B16A6FA92F224EDF0013DB4A /* nikeAppCloneUITests */,
			);
			name = nikeAppCloneUITests;
			packageProductDependencies = (
			);
			productName = nikeAppCloneUITests;
			productReference = B16A6FA62F224EDF0013DB4A /* nikeAppCloneUITests.xctest */;
			productType = "com.apple.product-type.bundle.ui-testing";
		};
/* End PBXNativeTarget section */

/* Begin PBXProject section */
		B16A6F872F224EDD0013DB4A /* Project object */ = {
			isa = PBXProject;
			attributes = {
				BuildIndependentTargetsInParallel = 1;
				LastSwiftUpdateCheck = 1640;
				LastUpgradeCheck = 1640;
				TargetAttributes = {
					B16A6F8E2F224EDD0013DB4A = {
						CreatedOnToolsVersion = 16.4;
					};
					B16A6F9B2F224EDF0013DB4A = {
						CreatedOnToolsVersion = 16.4;
						TestTargetID = B16A6F8E2F224EDD0013DB4A;
					};
					B16A6FA52F224EDF0013DB4A = {
						CreatedOnToolsVersion = 16.4;
						TestTargetID = B16A6F8E2F224EDD0013DB4A;
					};
				};
			};
			buildConfigurationList = B16A6F8A2F224EDD0013DB4A /* Build configuration list for PBXProject "nikeAppClone" */;
			developmentRegion = en;
			hasScannedForEncodings = 0;
			knownRegions = (
				en,
				Base,
			);
			mainGroup = B16A6F862F224EDD0013DB4A;
			minimizedProjectReferenceProxies = 1;
			preferredProjectObjectVersion = 77;
			productRefGroup = B16A6F902F224EDD0013DB4A /* Products */;
			projectDirPath = "";
			projectRoot = "";
			targets = (
				B16A6F8E2F224EDD0013DB4A /* nikeAppClone */,
				B16A6F9B2F224EDF0013DB4A /* nikeAppCloneTests */,
				B16A6FA52F224EDF0013DB4A /* nikeAppCloneUITests */,
			);
		};
/* End PBXProject section */

/* Begin PBXResourcesBuildPhase section */
		B16A6F8D2F224EDD0013DB4A /* Resources */ = {
			isa = PBXResourcesBuildPhase;
			buildActionMask = 2147483647;
			files = (
			);
			runOnlyForDeploymentPostprocessing = 0;
		};
		B16A6F9A2F224EDF0013DB4A /* Resources */ = {
			isa = PBXResourcesBuildPhase;
			buildActionMask = 2147483647;
			files = (
			);
			runOnlyForDeploymentPostprocessing = 0;
		};
		B16A6FA42F224EDF0013DB4A /* Resources */ = {
			isa = PBXResourcesBuildPhase;
			buildActionMask = 2147483647;
			files = (
			);
			runOnlyForDeploymentPostprocessing = 0;
		};
/* End PBXResourcesBuildPhase section */

/* Begin PBXSourcesBuildPhase section */
		B16A6F8B2F224EDD0013DB4A /* Sources */ = {
			isa = PBXSourcesBuildPhase;
			buildActionMask = 2147483647;
			files = (
			);
			runOnlyForDeploymentPostprocessing = 0;
		};
		B16A6F982F224EDF0013DB4A /* Sources */ = {
			isa = PBXSourcesBuildPhase;
			buildActionMask = 2147483647;
			files = (
			);
			runOnlyForDeploymentPostprocessing = 0;
		};
		B16A6FA22F224EDF0013DB4A /* Sources */ = {
			isa = PBXSourcesBuildPhase;
			buildActionMask = 2147483647;
			files = (
			);
			runOnlyForDeploymentPostprocessing = 0;
		};
/* End PBXSourcesBuildPhase section */

/* Begin PBXTargetDependency section */
		B16A6F9E2F224EDF0013DB4A /* PBXTargetDependency */ = {
			isa = PBXTargetDependency;
			target = B16A6F8E2F224EDD0013DB4A /* nikeAppClone */;
			targetProxy = B16A6F9D2F224EDF0013DB4A /* PBXContainerItemProxy */;
		};
		B16A6FA82F224EDF0013DB4A /* PBXTargetDependency */ = {
			isa = PBXTargetDependency;
			target = B16A6F8E2F224EDD0013DB4A /* nikeAppClone */;
			targetProxy = B16A6FA72F224EDF0013DB4A /* PBXContainerItemProxy */;
		};
/* End PBXTargetDependency section */

/* Begin XCBuildConfiguration section */
		B16A6FAE2F224EDF0013DB4A /* Debug */ = {
			isa = XCBuildConfiguration;
			buildSettings = {
				ALWAYS_SEARCH_USER_PATHS = NO;
				ASSETCATALOG_COMPILER_GENERATE_SWIFT_ASSET_SYMBOL_EXTENSIONS = YES;
				CLANG_ANALYZER_NONNULL = YES;
				CLANG_ANALYZER_NUMBER_OBJECT_CONVERSION = YES_AGGRESSIVE;
				CLANG_CXX_LANGUAGE_STANDARD = "gnu++20";
				CLANG_ENABLE_MODULES = YES;
				CLANG_ENABLE_OBJC_ARC = YES;
				CLANG_ENABLE_OBJC_WEAK = YES;
				CLANG_WARN_BLOCK_CAPTURE_AUTORELEASING = YES;
				CLANG_WARN_BOOL_CONVERSION = YES;
				CLANG_WARN_COMMA = YES;
				CLANG_WARN_CONSTANT_CONVERSION = YES;
				CLANG_WARN_DEPRECATED_OBJC_IMPLEMENTATIONS = YES;
				CLANG_WARN_DIRECT_OBJC_ISA_USAGE = YES_ERROR;
				CLANG_WARN_DOCUMENTATION_COMMENTS = YES;
				CLANG_WARN_EMPTY_BODY = YES;
				CLANG_WARN_ENUM_CONVERSION = YES;
				CLANG_WARN_INFINITE_RECURSION = YES;
				CLANG_WARN_INT_CONVERSION = YES;
				CLANG_WARN_NON_LITERAL_NULL_CONVERSION = YES;
				CLANG_WARN_OBJC_IMPLICIT_RETAIN_SELF = YES;
				CLANG_WARN_OBJC_LITERAL_CONVERSION = YES;
				CLANG_WARN_OBJC_ROOT_CLASS = YES_ERROR;
				CLANG_WARN_QUOTED_INCLUDE_IN_FRAMEWORK_HEADER = YES;
				CLANG_WARN_RANGE_LOOP_ANALYSIS = YES;
				CLANG_WARN_STRICT_PROTOTYPES = YES;
				CLANG_WARN_SUSPICIOUS_MOVE = YES;
				CLANG_WARN_UNGUARDED_AVAILABILITY = YES_AGGRESSIVE;
				CLANG_WARN_UNREACHABLE_CODE = YES;
				CLANG_WARN__DUPLICATE_METHOD_MATCH = YES;
				COPY_PHASE_STRIP = NO;
				DEBUG_INFORMATION_FORMAT = dwarf;
				DEVELOPMENT_TEAM = FM99YUBRUW;
				ENABLE_STRICT_OBJC_MSGSEND = YES;
				ENABLE_TESTABILITY = YES;
				ENABLE_USER_SCRIPT_SANDBOXING = YES;
				GCC_C_LANGUAGE_STANDARD = gnu17;
				GCC_DYNAMIC_NO_PIC = NO;
				GCC_NO_COMMON_BLOCKS = YES;
				GCC_OPTIMIZATION_LEVEL = 0;
				GCC_PREPROCESSOR_DEFINITIONS = (
					"DEBUG=1",
					"$(inherited)",
				);
				GCC_WARN_64_TO_32_BIT_CONVERSION = YES;
				GCC_WARN_ABOUT_RETURN_TYPE = YES_ERROR;
				GCC_WARN_UNDECLARED_SELECTOR = YES;
				GCC_WARN_UNINITIALIZED_AUTOS = YES_AGGRESSIVE;
				GCC_WARN_UNUSED_FUNCTION = YES;
				GCC_WARN_UNUSED_VARIABLE = YES;
				IPHONEOS_DEPLOYMENT_TARGET = 18.5;
				LOCALIZATION_PREFERS_STRING_CATALOGS = YES;
				MTL_ENABLE_DEBUG_INFO = INCLUDE_SOURCE;
				MTL_FAST_MATH = YES;
				ONLY_ACTIVE_ARCH = YES;
				SDKROOT = iphoneos;
				SWIFT_ACTIVE_COMPILATION_CONDITIONS = "DEBUG $(inherited)";
				SWIFT_OPTIMIZATION_LEVEL = "-Onone";
			};
			name = Debug;
		};
		B16A6FAF2F224EDF0013DB4A /* Release */ = {
			isa = XCBuildConfiguration;
			buildSettings = {
				ALWAYS_SEARCH_USER_PATHS = NO;
				ASSETCATALOG_COMPILER_GENERATE_SWIFT_ASSET_SYMBOL_EXTENSIONS = YES;
				CLANG_ANALYZER_NONNULL = YES;
				CLANG_ANALYZER_NUMBER_OBJECT_CONVERSION = YES_AGGRESSIVE;
				CLANG_CXX_LANGUAGE_STANDARD = "gnu++20";
				CLANG_ENABLE_MODULES = YES;
				CLANG_ENABLE_OBJC_ARC = YES;
				CLANG_ENABLE_OBJC_WEAK = YES;
				CLANG_WARN_BLOCK_CAPTURE_AUTORELEASING = YES;
				CLANG_WARN_BOOL_CONVERSION = YES;
				CLANG_WARN_COMMA = YES;
				CLANG_WARN_CONSTANT_CONVERSION = YES;
				CLANG_WARN_DEPRECATED_OBJC_IMPLEMENTATIONS = YES;
				CLANG_WARN_DIRECT_OBJC_ISA_USAGE = YES_ERROR;
				CLANG_WARN_DOCUMENTATION_COMMENTS = YES;
				CLANG_WARN_EMPTY_BODY = YES;
				CLANG_WARN_ENUM_CONVERSION = YES;
				CLANG_WARN_INFINITE_RECURSION = YES;
				CLANG_WARN_INT_CONVERSION = YES;
				CLANG_WARN_NON_LITERAL_NULL_CONVERSION = YES;
				CLANG_WARN_OBJC_IMPLICIT_RETAIN_SELF = YES;
				CLANG_WARN_OBJC_LITERAL_CONVERSION = YES;
				CLANG_WARN_OBJC_ROOT_CLASS = YES_ERROR;
				CLANG_WARN_QUOTED_INCLUDE_IN_FRAMEWORK_HEADER = YES;
				CLANG_WARN_RANGE_LOOP_ANALYSIS = YES;
				CLANG_WARN_STRICT_PROTOTYPES = YES;
				CLANG_WARN_SUSPICIOUS_MOVE = YES;
				CLANG_WARN_UNGUARDED_AVAILABILITY = YES_AGGRESSIVE;
				CLANG_WARN_UNREACHABLE_CODE = YES;
				CLANG_WARN__DUPLICATE_METHOD_MATCH = YES;
				COPY_PHASE_STRIP = NO;
				DEBUG_INFORMATION_FORMAT = "dwarf-with-dsym";
				DEVELOPMENT_TEAM = FM99YUBRUW;
				ENABLE_NS_ASSERTIONS = NO;
				ENABLE_STRICT_OBJC_MSGSEND = YES;
				ENABLE_USER_SCRIPT_SANDBOXING = YES;
				GCC_C_LANGUAGE_STANDARD = gnu17;
				GCC_NO_COMMON_BLOCKS = YES;
				GCC_WARN_64_TO_32_BIT_CONVERSION = YES;
				GCC_WARN_ABOUT_RETURN_TYPE = YES_ERROR;
				GCC_WARN_UNDECLARED_SELECTOR = YES;
				GCC_WARN_UNINITIALIZED_AUTOS = YES_AGGRESSIVE;
				GCC_WARN_UNUSED_FUNCTION = YES;
				GCC_WARN_UNUSED_VARIABLE = YES;
				IPHONEOS_DEPLOYMENT_TARGET = 18.5;
				LOCALIZATION_PREFERS_STRING_CATALOGS = YES;
				MTL_ENABLE_DEBUG_INFO = NO;
				MTL_FAST_MATH = YES;
				SDKROOT = iphoneos;
				SWIFT_COMPILATION_MODE = wholemodule;
				VALIDATE_PRODUCT = YES;
			};
			name = Release;
		};
		B16A6FB12F224EDF0013DB4A /* Debug */ = {
			isa = XCBuildConfiguration;
			buildSettings = {
				ASSETCATALOG_COMPILER_APPICON_NAME = AppIcon;
				ASSETCATALOG_COMPILER_GLOBAL_ACCENT_COLOR_NAME = AccentColor;
				CODE_SIGN_STYLE = Automatic;
				CURRENT_PROJECT_VERSION = 1;
				DEVELOPMENT_TEAM = FM99YUBRUW;
				ENABLE_PREVIEWS = YES;
				GENERATE_INFOPLIST_FILE = YES;
				INFOPLIST_KEY_UIApplicationSceneManifest_Generation = YES;
				INFOPLIST_KEY_UIApplicationSupportsIndirectInputEvents = YES;
				INFOPLIST_KEY_UILaunchScreen_Generation = YES;
				INFOPLIST_KEY_UISupportedInterfaceOrientations_iPad = "UIInterfaceOrientationPortrait UIInterfaceOrientationPortraitUpsideDown UIInterfaceOrientationLandscapeLeft UIInterfaceOrientationLandscapeRight";
				INFOPLIST_KEY_UISupportedInterfaceOrientations_iPhone = "UIInterfaceOrientationPortrait UIInterfaceOrientationLandscapeLeft UIInterfaceOrientationLandscapeRight";
				LD_RUNPATH_SEARCH_PATHS = (
					"$(inherited)",
					"@executable_path/Frameworks",
				);
				MARKETING_VERSION = 1.0;
				PRODUCT_BUNDLE_IDENTIFIER = kimsunghyun.nikeAppClone;
				PRODUCT_NAME = "$(TARGET_NAME)";
				SWIFT_EMIT_LOC_STRINGS = YES;
				SWIFT_VERSION = 5.0;
				TARGETED_DEVICE_FAMILY = "1,2";
			};
			name = Debug;
		};
		B16A6FB22F224EDF0013DB4A /* Release */ = {
			isa = XCBuildConfiguration;
			buildSettings = {
				ASSETCATALOG_COMPILER_APPICON_NAME = AppIcon;
				ASSETCATALOG_COMPILER_GLOBAL_ACCENT_COLOR_NAME = AccentColor;
				CODE_SIGN_STYLE = Automatic;
				CURRENT_PROJECT_VERSION = 1;
				DEVELOPMENT_TEAM = FM99YUBRUW;
				ENABLE_PREVIEWS = YES;
				GENERATE_INFOPLIST_FILE = YES;
				INFOPLIST_KEY_UIApplicationSceneManifest_Generation = YES;
				INFOPLIST_KEY_UIApplicationSupportsIndirectInputEvents = YES;
				INFOPLIST_KEY_UILaunchScreen_Generation = YES;
				INFOPLIST_KEY_UISupportedInterfaceOrientations_iPad = "UIInterfaceOrientationPortrait UIInterfaceOrientationPortraitUpsideDown UIInterfaceOrientationLandscapeLeft UIInterfaceOrientationLandscapeRight";
				INFOPLIST_KEY_UISupportedInterfaceOrientations_iPhone = "UIInterfaceOrientationPortrait UIInterfaceOrientationLandscapeLeft UIInterfaceOrientationLandscapeRight";
				LD_RUNPATH_SEARCH_PATHS = (
					"$(inherited)",
					"@executable_path/Frameworks",
				);
				MARKETING_VERSION = 1.0;
				PRODUCT_BUNDLE_IDENTIFIER = kimsunghyun.nikeAppClone;
				PRODUCT_NAME = "$(TARGET_NAME)";
				SWIFT_EMIT_LOC_STRINGS = YES;
				SWIFT_VERSION = 5.0;
				TARGETED_DEVICE_FAMILY = "1,2";
			};
			name = Release;
		};
		B16A6FB42F224EDF0013DB4A /* Debug */ = {
			isa = XCBuildConfiguration;
			buildSettings = {
				BUNDLE_LOADER = "$(TEST_HOST)";
				CODE_SIGN_STYLE = Automatic;
				CURRENT_PROJECT_VERSION = 1;
				DEVELOPMENT_TEAM = FM99YUBRUW;
				GENERATE_INFOPLIST_FILE = YES;
				IPHONEOS_DEPLOYMENT_TARGET = 18.5;
				MARKETING_VERSION = 1.0;
				PRODUCT_BUNDLE_IDENTIFIER = kimsunghyun.nikeAppCloneTests;
				PRODUCT_NAME = "$(TARGET_NAME)";
				SWIFT_EMIT_LOC_STRINGS = NO;
				SWIFT_VERSION = 5.0;
				TARGETED_DEVICE_FAMILY = "1,2";
				TEST_HOST = "$(BUILT_PRODUCTS_DIR)/nikeAppClone.app/$(BUNDLE_EXECUTABLE_FOLDER_PATH)/nikeAppClone";
			};
			name = Debug;
		};
		B16A6FB52F224EDF0013DB4A /* Release */ = {
			isa = XCBuildConfiguration;
			buildSettings = {
				BUNDLE_LOADER = "$(TEST_HOST)";
				CODE_SIGN_STYLE = Automatic;
				CURRENT_PROJECT_VERSION = 1;
				DEVELOPMENT_TEAM = FM99YUBRUW;
				GENERATE_INFOPLIST_FILE = YES;
				IPHONEOS_DEPLOYMENT_TARGET = 18.5;
				MARKETING_VERSION = 1.0;
				PRODUCT_BUNDLE_IDENTIFIER = kimsunghyun.nikeAppCloneTests;
				PRODUCT_NAME = "$(TARGET_NAME)";
				SWIFT_EMIT_LOC_STRINGS = NO;
				SWIFT_VERSION = 5.0;
				TARGETED_DEVICE_FAMILY = "1,2";
				TEST_HOST = "$(BUILT_PRODUCTS_DIR)/nikeAppClone.app/$(BUNDLE_EXECUTABLE_FOLDER_PATH)/nikeAppClone";
			};
			name = Release;
		};
		B16A6FB72F224EDF0013DB4A /* Debug */ = {
			isa = XCBuildConfiguration;
			buildSettings = {
				CODE_SIGN_STYLE = Automatic;
				CURRENT_PROJECT_VERSION = 1;
				DEVELOPMENT_TEAM = FM99YUBRUW;
				GENERATE_INFOPLIST_FILE = YES;
				MARKETING_VERSION = 1.0;
				PRODUCT_BUNDLE_IDENTIFIER = kimsunghyun.nikeAppCloneUITests;
				PRODUCT_NAME = "$(TARGET_NAME)";
				SWIFT_EMIT_LOC_STRINGS = NO;
				SWIFT_VERSION = 5.0;
				TARGETED_DEVICE_FAMILY = "1,2";
				TEST_TARGET_NAME = nikeAppClone;
			};
			name = Debug;
		};
		B16A6FB82F224EDF0013DB4A /* Release */ = {
			isa = XCBuildConfiguration;
			buildSettings = {
				CODE_SIGN_STYLE = Automatic;
				CURRENT_PROJECT_VERSION = 1;
				DEVELOPMENT_TEAM = FM99YUBRUW;
				GENERATE_INFOPLIST_FILE = YES;
				MARKETING_VERSION = 1.0;
				PRODUCT_BUNDLE_IDENTIFIER = kimsunghyun.nikeAppCloneUITests;
				PRODUCT_NAME = "$(TARGET_NAME)";
				SWIFT_EMIT_LOC_STRINGS = NO;
				SWIFT_VERSION = 5.0;
				TARGETED_DEVICE_FAMILY = "1,2";
				TEST_TARGET_NAME = nikeAppClone;
			};
			name = Release;
		};
/* End XCBuildConfiguration section */

/* Begin XCConfigurationList section */
		B16A6F8A2F224EDD0013DB4A /* Build configuration list for PBXProject "nikeAppClone" */ = {
			isa = XCConfigurationList;
			buildConfigurations = (
				B16A6FAE2F224EDF0013DB4A /* Debug */,
				B16A6FAF2F224EDF0013DB4A /* Release */,
			);
			defaultConfigurationIsVisible = 0;
			defaultConfigurationName = Release;
		};
		B16A6FB02F224EDF0013DB4A /* Build configuration list for PBXNativeTarget "nikeAppClone" */ = {
			isa = XCConfigurationList;
			buildConfigurations = (
				B16A6FB12F224EDF0013DB4A /* Debug */,
				B16A6FB22F224EDF0013DB4A /* Release */,
			);
			defaultConfigurationIsVisible = 0;
			defaultConfigurationName = Release;
		};
		B16A6FB32F224EDF0013DB4A /* Build configuration list for PBXNativeTarget "nikeAppCloneTests" */ = {
			isa = XCConfigurationList;
			buildConfigurations = (
				B16A6FB42F224EDF0013DB4A /* Debug */,
				B16A6FB52F224EDF0013DB4A /* Release */,
			);
			defaultConfigurationIsVisible = 0;
			defaultConfigurationName = Release;
		};
		B16A6FB62F224EDF0013DB4A /* Build configuration list for PBXNativeTarget "nikeAppCloneUITests" */ = {
			isa = XCConfigurationList;
			buildConfigurations = (
				B16A6FB72F224EDF0013DB4A /* Debug */,
				B16A6FB82F224EDF0013DB4A /* Release */,
			);
			defaultConfigurationIsVisible = 0;
			defaultConfigurationName = Release;
		};
/* End XCConfigurationList section */
	};
	rootObject = B16A6F872F224EDD0013DB4A /* Project object */;
}
